
Microsoft Visual Studio Solution File, Format Version 12.00
# Visual Studio 15
VisualStudioVersion = 15.0.28307.421
MinimumVisualStudioVersion = 10.0.40219.1
Project("{FAE04EC0-301F-11D3-BF4B-00C04F79EFBC}") = "ProductosRestApi", "ProductosRestApi\ProductosRestApi.csproj", "{88FD2BD4-35DB-4156-85DE-F8BBF7358332}"
EndProject
Global
	GlobalSection(SolutionConfigurationPlatforms) = preSolution
		Debug|Any CPU = Debug|Any CPU
		Release|Any CPU = Release|Any CPU
	EndGlobalSection
	GlobalSection(ProjectConfigurationPlatforms) = postSolution
		{88FD2BD4-35DB-4156-85DE-F8BBF7358332}.Debug|Any CPU.ActiveCfg = Debug|Any CPU
		{88FD2BD4-35DB-4156-85DE-F8BBF7358332}.Debug|Any CPU.Build.0 = Debug|Any CPU
		{88FD2BD4-35DB-4156-85DE-F8BBF7358332}.Release|Any CPU.ActiveCfg = Release|Any CPU
		{88FD2BD4-35DB-4156-85DE-F8BBF7358332}.Release|Any CPU.Build.0 = Release|Any CPU
	EndGlobalSection
	GlobalSection(SolutionProperties) = preSolution
		HideSolutionNode = FALSE
	EndGlobalSection
	GlobalSection(ExtensibilityGlobals) = postSolution
		SolutionGuid = {C7D4DD6D-680B-4FA3-B45F-759A8B2B07CF}
	EndGlobalSection
EndGlobal
